{
    "_meta": {
        "hash": {
            "sha256": "6d5a777aa4ed5aa7390f500540d5fad3fd87659acf08b06e1fb420d2d5921c6a"
        },
        "pipfile-spec": 6,
        "requires": {
            "python_version": "3.8"
        },
        "sources": [
            {
                "name": "pypi",
                "url": "https://pypi.org/simple",
                "verify_ssl": true
            }
        ]
    },
    "default": {
        "certifi": {
            "hashes": [
                "sha256:1a4995114262bffbc2413b159f2a1a480c969de6e6eb13ee966d470af86af59c",
                "sha256:719a74fb9e33b9bd44cc7f3a8d94bc35e4049deebe19ba7d8e108280cfd59830"
            ],
            "version": "==2020.12.5"
        },
        "chardet": {
            "hashes": [
                "sha256:0d6f53a15db4120f2b08c94f11e7d93d2c911ee118b6b30a04ec3ee8310179fa",
                "sha256:f864054d66fd9118f2e67044ac8981a54775ec5b67aed0441892edb553d21da5"
            ],
            "markers": "python_version >= '2.7' and python_version not in '3.0, 3.1, 3.2, 3.3, 3.4'",
            "version": "==4.0.0"
        },
        "gunicorn": {
            "hashes": [
                "sha256:1904bb2b8a43658807108d59c3f3d56c2b6121a701161de0ddf9ad140073c626",
                "sha256:cd4a810dd51bf497552cf3f863b575dabd73d6ad6a91075b65936b151cbf4f9c"
            ],
            "index": "pypi",
            "version": "==20.0.4"
        },
        "idna": {
            "hashes": [
                "sha256:b307872f855b18632ce0c21c5e45be78c0ea7ae4c15c828c20788b26921eb3f6",
                "sha256:b97d804b1e9b523befed77c48dacec60e6dcb0b5391d57af6a65a312a90648c0"
            ],
            "markers": "python_version >= '2.7' and python_version not in '3.0, 3.1, 3.2, 3.3'",
            "version": "==2.10"
        },
        "requests": {
            "hashes": [
                "sha256:27973dd4a904a4f13b263a19c866c13b92a39ed1c964655f025f3f8d3d75b804",
                "sha256:c210084e36a42ae6b9219e00e48287def368a26d03a048ddad7bfee44f75871e"
            ],
            "index": "pypi",
            "version": "==2.25.1"
        },
        "schedule": {
            "hashes": [
                "sha256:1654cf70860a6d4d58236c98b0f1bb71521cc2a4bbf031b6cc39c96e77d59a91",
                "sha256:82369250700af61af40bbf38efc8698560aaba8fa3e58eec7209c20aa05b9d02"
            ],
            "index": "pypi",
            "version": "==1.0.0"
        },
        "slack-bolt": {
            "hashes": [
                "sha256:3a4bf33314430b3cf34743caa8b219ecc68c20e93093887591e3e0dcff3d67f5",
                "sha256:f61292ad31ea7f0547013ffcd3bca03f9258e74b61d4eae23cd49531ab613230"
            ],
            "index": "pypi",
            "version": "==1.4.3"
        },
        "slack-logger": {
            "hashes": [
                "sha256:b1d55c5e6c79089bf938db39d4e33756cd0e63d1f8b1743c7a99cc0c3957757c"
            ],
            "index": "pypi",
            "version": "==0.3.1"
        },
        "slack-sdk": {
            "hashes": [
                "sha256:5e4f89971e8329a81f57e621e1ea273b8eda67797eb431355e384c296be82553",
                "sha256:befc1365df93b84eac4592b9a2183411a748ecf662f5c51ce2fa7fdc3f5ee89f"
            ],
            "markers": "python_version >= '3.6'",
            "version": "==3.4.2"
        },
        "urllib3": {
            "hashes": [
                "sha256:2f4da4594db7e1e110a944bb1b551fdf4e6c136ad42e4234131391e21eb5b0df",
                "sha256:e7b021f7241115872f92f43c6508082facffbd1c048e3c6e2bb9c2a157e28937"
            ],
            "markers": "python_version >= '2.7' and python_version not in '3.0, 3.1, 3.2, 3.3, 3.4' and python_version < '4'",
            "version": "==1.26.4"
        }
    },
    "develop": {}
}
